
Microsoft Visual Studio Solution File, Format Version 12.00
# Visual Studio Version 16
VisualStudioVersion = 16.0.29418.71
MinimumVisualStudioVersion = 10.0.40219.1
Project("{2150E333-8FDC-42A3-9474-1A3956D46DE8}") = "Domain", "Domain", "{02F3A165-6ECB-405B-965A-A9EF1C0333FC}"
EndProject
Project("{2150E333-8FDC-42A3-9474-1A3956D46DE8}") = "Microservices", "Microservices", "{3879C874-7B5D-4834-AE08-1254734EF4AB}"
EndProject
Project("{2150E333-8FDC-42A3-9474-1A3956D46DE8}") = "Infra.Bus", "Infra.Bus", "{B43811EA-C1BA-4869-B19E-20B907A07B3F}"
EndProject
Project("{2150E333-8FDC-42A3-9474-1A3956D46DE8}") = "Infra.loC", "Infra.loC", "{9AB4E7D7-4CD0-417A-BF0D-E77F9980083B}"
EndProject
Project("{2150E333-8FDC-42A3-9474-1A3956D46DE8}") = "Presentation", "Presentation", "{5F70B38B-5B22-400F-9B57-A56F2DE6B39F}"
EndProject
Project("{9A19103F-16F7-4668-BE54-9A1E7A4F7556}") = "RabbitMicro.Domain.Core", "RabbitMicro.Domain.Core\RabbitMicro.Domain.Core.csproj", "{5151D963-D0F1-423A-85C6-997F1291099C}"
EndProject
Project("{FAE04EC0-301F-11D3-BF4B-00C04F79EFBC}") = "RabbitMicro.Infra.Bus", "RabbitMicro.Infra.Bus\RabbitMicro.Infra.Bus.csproj", "{2D2CECFE-A1BC-4B3E-A21E-5DECB72E1D15}"
EndProject
Global
	GlobalSection(SolutionConfigurationPlatforms) = preSolution
		Debug|Any CPU = Debug|Any CPU
		Release|Any CPU = Release|Any CPU
	EndGlobalSection
	GlobalSection(ProjectConfigurationPlatforms) = postSolution
		{5151D963-D0F1-423A-85C6-997F1291099C}.Debug|Any CPU.ActiveCfg = Debug|Any CPU
		{5151D963-D0F1-423A-85C6-997F1291099C}.Debug|Any CPU.Build.0 = Debug|Any CPU
		{5151D963-D0F1-423A-85C6-997F1291099C}.Release|Any CPU.ActiveCfg = Release|Any CPU
		{5151D963-D0F1-423A-85C6-997F1291099C}.Release|Any CPU.Build.0 = Release|Any CPU
		{2D2CECFE-A1BC-4B3E-A21E-5DECB72E1D15}.Debug|Any CPU.ActiveCfg = Debug|Any CPU
		{2D2CECFE-A1BC-4B3E-A21E-5DECB72E1D15}.Debug|Any CPU.Build.0 = Debug|Any CPU
		{2D2CECFE-A1BC-4B3E-A21E-5DECB72E1D15}.Release|Any CPU.ActiveCfg = Release|Any CPU
		{2D2CECFE-A1BC-4B3E-A21E-5DECB72E1D15}.Release|Any CPU.Build.0 = Release|Any CPU
	EndGlobalSection
	GlobalSection(SolutionProperties) = preSolution
		HideSolutionNode = FALSE
	EndGlobalSection
	GlobalSection(NestedProjects) = preSolution
		{5151D963-D0F1-423A-85C6-997F1291099C} = {02F3A165-6ECB-405B-965A-A9EF1C0333FC}
		{2D2CECFE-A1BC-4B3E-A21E-5DECB72E1D15} = {B43811EA-C1BA-4869-B19E-20B907A07B3F}
	EndGlobalSection
	GlobalSection(ExtensibilityGlobals) = postSolution
		SolutionGuid = {6926BE17-8365-4A3B-A999-3C18EA67CA0C}
	EndGlobalSection
EndGlobal
